
Microsoft Visual Studio Solution File, Format Version 12.00
# Visual Studio Version 17
VisualStudioVersion = 17.8.34511.84
MinimumVisualStudioVersion = 10.0.40219.1
Project("{FAE04EC0-301F-11D3-BF4B-00C04F79EFBC}") = "2dGolf", "2dGolf.csproj", "{C10EC0B4-B8C8-4A56-B433-C7AA41F1C795}"
EndProject
Global
	GlobalSection(SolutionConfigurationPlatforms) = preSolution
		Debug|Any CPU = Debug|Any CPU
		Release|Any CPU = Release|Any CPU
	EndGlobalSection
	GlobalSection(ProjectConfigurationPlatforms) = postSolution
		{C10EC0B4-B8C8-4A56-B433-C7AA41F1C795}.Debug|Any CPU.ActiveCfg = Debug|Any CPU
		{C10EC0B4-B8C8-4A56-B433-C7AA41F1C795}.Debug|Any CPU.Build.0 = Debug|Any CPU
		{C10EC0B4-B8C8-4A56-B433-C7AA41F1C795}.Release|Any CPU.ActiveCfg = Release|Any CPU
		{C10EC0B4-B8C8-4A56-B433-C7AA41F1C795}.Release|Any CPU.Build.0 = Release|Any CPU
	EndGlobalSection
	GlobalSection(SolutionProperties) = preSolution
		HideSolutionNode = FALSE
	EndGlobalSection
	GlobalSection(ExtensibilityGlobals) = postSolution
		SolutionGuid = {41219D71-9165-4920-BBEB-3BBFF6C17192}
	EndGlobalSection
EndGlobal
